{
  "version": 4,
  "terraform_version": "1.14.0",
  "serial": 101,
  "lineage": "7c96f182-169d-6cc2-5099-21b271694bd3",
  "outputs": {
    "cf_api_url": {
      "value": "https://api.cf.us10-001.hana.ondemand.com",
      "type": "string"
    },
    "cf_landscape_label": {
      "value": "cf-us10-001",
      "type": "string"
    },
    "cf_org_id": {
      "value": "59a0b091-126e-4b3d-a7d2-da912b0f0699",
      "type": "string"
    },
    "subaccount_url": {
      "value": "https://account.hanatrial.ondemand.com/trial/#/globalaccount/5c40dc57-ef5d-4407-ab06-0d68e3f8edd7/subaccount/800708dd-12a3-42c5-95e7-cdbe9c92c0bb",
      "type": "string"
    }
  },
  "resources": [
    {
      "mode": "data",
      "type": "btp_globalaccount",
      "name": "this",
      "provider": "provider[\"registry.terraform.io/sap/btp\"]",
      "instances": [
        {
          "schema_version": 0,
          "attributes": {
            "commercial_model": "Subscription",
            "consumption_based": false,
            "contract_status": "ACTIVE",
            "costobject_id": null,
            "costobject_type": null,
            "created_date": "2025-09-17T07:55:12Z",
            "crm_customer_id": null,
            "crm_tenant_id": null,
            "description": "",
            "expiry_date": null,
            "geo_access": "STANDARD",
            "id": "5c40dc57-ef5d-4407-ab06-0d68e3f8edd7",
            "last_modified": "2025-11-24T12:03:12Z",
            "license_type": "TRIAL",
            "name": "e979b8cdtrial",
            "origin": "",
            "renewal_date": "2025-12-16T07:55:12Z",
            "service_id": null,
            "state": "OK",
            "subdomain": "e979b8cdtrial-ga",
            "usage": null
          },
          "sensitive_attributes": [],
          "identity_schema_version": 0
        }
      ]
    },
    {
      "mode": "data",
      "type": "btp_subaccount_environments",
      "name": "all",
      "provider": "provider[\"registry.terraform.io/sap/btp\"]",
      "instances": [
        {
          "schema_version": 0,
          "attributes": {
            "id": "800708dd-12a3-42c5-95e7-cdbe9c92c0bb",
            "subaccount_id": "800708dd-12a3-42c5-95e7-cdbe9c92c0bb",
            "values": [
              {
                "availability_level": "ACTIVE",
                "description": "Create organization in cloud foundry - trial based",
                "environment_type": "cloudfoundry",
                "landscape_label": "cf-us10-001",
                "plan_name": "trial",
                "plan_updateable": false,
                "schema_create": "{\"parameters\":{\"schema\":\"http://json-schema.org/draft-07/schema#\",\"_show_form_view\":true,\"type\":\"object\",\"properties\":{\"instance_name\":{\"title\":\"Org Name\",\"description\":\"Cloud Foundry organization name\",\"type\":\"string\",\"minLength\":1,\"_BTPdefaultTemplate\":{\"elements\":[\"gaDisplayName\",\"saSubdomain\"],\"separator\":\"_\"}}},\"required\":[\"instance_name\"]}}",
                "schema_update": "",
                "service_description": "An efficient model for cloud-native application delivery",
                "service_display_name": "Cloud Foundry Runtime",
                "service_name": "cloudfoundry",
                "technical_key": ""
              }
            ]
          },
          "sensitive_attributes": [],
          "identity_schema_version": 0
        }
      ]
    },
    {
      "mode": "managed",
      "type": "btp_subaccount",
      "name": "project_subaccount",
      "provider": "provider[\"registry.terraform.io/sap/btp\"]",
      "instances": [
        {
          "schema_version": 0,
          "attributes": {
            "beta_enabled": true,
            "created_by": "",
            "created_date": "2025-11-26T12:28:05Z",
            "description": "",
            "id": "800708dd-12a3-42c5-95e7-cdbe9c92c0bb",
            "labels": {
              "costcenter": [
                "12345"
              ],
              "stage": [
                "DEV"
              ]
            },
            "last_modified": "2025-11-26T12:28:34Z",
            "name": "DEV Project ABC",
            "parent_features": null,
            "parent_id": "5c40dc57-ef5d-4407-ab06-0d68e3f8edd7",
            "region": "us10",
            "skip_auto_entitlement": null,
            "state": "OK",
            "subdomain": "dev-project-abc-5dcdd1c9-1b87-8a33-0e7f-c853a339f217",
            "usage": "UNSET"
          },
          "sensitive_attributes": [],
          "identity_schema_version": 0,
          "dependencies": [
            "random_uuid.uuid"
          ]
        }
      ]
    },
    {
      "mode": "managed",
      "type": "btp_subaccount_environment_instance",
      "name": "cloudfoundry",
      "provider": "provider[\"registry.terraform.io/sap/btp\"]",
      "instances": [
        {
          "schema_version": 0,
          "attributes": {
            "broker_id": "985B006B-820E-40BF-AC53-AB3D2B86C294",
            "created_date": "2025-11-26T12:28:38Z",
            "custom_labels": {},
            "dashboard_url": "",
            "description": "",
            "environment_type": "cloudfoundry",
            "id": "6BB0449D-C732-41C8-A72C-055F37432CFC",
            "labels": "{\"API Endpoint\":\"https://api.cf.us10-001.hana.ondemand.com\",\"Org Name\":\"dev-project-abc-5dcdd1c9-1b87-8a33-0e7f-c853a339f217\",\"Org ID\":\"59a0b091-126e-4b3d-a7d2-da912b0f0699\",\"Org Memory Limit\":\"0MB\"}",
            "landscape_label": "cf-us10-001",
            "last_modified": "2025-11-26T12:28:43Z",
            "name": "dev-project-abc-5dcdd1c9-1b87-8a33-0e7f-c853a339f217",
            "operation": "provision",
            "parameters": "{\"instance_name\":\"dev-project-abc-5dcdd1c9-1b87-8a33-0e7f-c853a339f217\"}",
            "plan_id": "267b5620-3011-4c48-8e56-8d103876275b",
            "plan_name": "trial",
            "platform_id": "59a0b091-126e-4b3d-a7d2-da912b0f0699",
            "service_id": "fa31b750-375f-4268-bee1-604811a89fd9",
            "service_name": "cloudfoundry",
            "state": "OK",
            "subaccount_id": "800708dd-12a3-42c5-95e7-cdbe9c92c0bb",
            "tenant_id": "800708dd-12a3-42c5-95e7-cdbe9c92c0bb",
            "timeouts": null,
            "type": "Provision"
          },
          "sensitive_attributes": [],
          "identity_schema_version": 0,
          "dependencies": [
            "btp_subaccount.project_subaccount",
            "data.btp_subaccount_environments.all",
            "random_uuid.uuid",
            "terraform_data.cf_landscape_label"
          ]
        }
      ]
    },
    {
      "mode": "managed",
      "type": "btp_subaccount_role_collection_assignment",
      "name": "emergency_administrators",
      "provider": "provider[\"registry.terraform.io/sap/btp\"]",
      "instances": [
        {
          "index_key": "jane.doe@test.com",
          "schema_version": 0,
          "attributes": {
            "attribute_name": null,
            "attribute_value": null,
            "group_name": null,
            "id": "800708dd-12a3-42c5-95e7-cdbe9c92c0bb,Subaccount Administrator,jane.doe@test.com",
            "origin": "ldap",
            "role_collection_name": "Subaccount Administrator",
            "subaccount_id": "800708dd-12a3-42c5-95e7-cdbe9c92c0bb",
            "user_name": "jane.doe@test.com"
          },
          "sensitive_attributes": [],
          "identity_schema_version": 0,
          "dependencies": [
            "btp_subaccount.project_subaccount",
            "random_uuid.uuid"
          ]
        },
        {
          "index_key": "john.doe@test.com",
          "schema_version": 0,
          "attributes": {
            "attribute_name": null,
            "attribute_value": null,
            "group_name": null,
            "id": "800708dd-12a3-42c5-95e7-cdbe9c92c0bb,Subaccount Administrator,john.doe@test.com",
            "origin": "ldap",
            "role_collection_name": "Subaccount Administrator",
            "subaccount_id": "800708dd-12a3-42c5-95e7-cdbe9c92c0bb",
            "user_name": "john.doe@test.com"
          },
          "sensitive_attributes": [],
          "identity_schema_version": 0,
          "dependencies": [
            "btp_subaccount.project_subaccount",
            "random_uuid.uuid"
          ]
        }
      ]
    },
    {
      "mode": "managed",
      "type": "random_uuid",
      "name": "uuid",
      "provider": "provider[\"registry.terraform.io/hashicorp/random\"]",
      "instances": [
        {
          "schema_version": 0,
          "attributes": {
            "id": "5dcdd1c9-1b87-8a33-0e7f-c853a339f217",
            "keepers": null,
            "result": "5dcdd1c9-1b87-8a33-0e7f-c853a339f217"
          },
          "sensitive_attributes": [],
          "identity_schema_version": 0
        }
      ]
    },
    {
      "mode": "managed",
      "type": "terraform_data",
      "name": "cf_landscape_label",
      "provider": "provider[\"terraform.io/builtin/terraform\"]",
      "instances": [
        {
          "schema_version": 0,
          "attributes": {
            "id": "a5e0e881-7972-4a01-2361-c66aede76894",
            "input": {
              "value": "cf-us10-001",
              "type": "string"
            },
            "output": {
              "value": "cf-us10-001",
              "type": "string"
            },
            "triggers_replace": null
          },
          "sensitive_attributes": [],
          "identity_schema_version": 0,
          "dependencies": [
            "btp_subaccount.project_subaccount",
            "data.btp_subaccount_environments.all",
            "random_uuid.uuid"
          ]
        }
      ]
    },
    {
      "module": "module.srvc_baseline",
      "mode": "data",
      "type": "btp_subaccount_service_plan",
      "name": "alert_notification_service_standard",
      "provider": "provider[\"registry.terraform.io/sap/btp\"]",
      "instances": [
        {
          "schema_version": 0,
          "attributes": {
            "bindable": false,
            "catalog_id": "760987b6-6277-4e0f-91e9-543a02d1631c",
            "catalog_name": "standard",
            "created_date": "2019-10-07T08:00:06Z",
            "description": "Allows consumption of SAP Alert Notification service events as well as posting custom events",
            "free": false,
            "id": "1a92101d-2e60-46f8-b41d-63489003dcd3",
            "last_modified": "2025-11-26T12:09:59Z",
            "name": "standard",
            "offering_name": "alert-notification",
            "ready": true,
            "serviceoffering_id": "6f3240fe-c9f9-4b7e-b8a5-7528269106a2",
            "shareable": false,
            "subaccount_id": "800708dd-12a3-42c5-95e7-cdbe9c92c0bb"
          },
          "sensitive_attributes": [],
          "identity_schema_version": 0
        }
      ]
    },
    {
      "module": "module.srvc_baseline",
      "mode": "managed",
      "type": "btp_subaccount_entitlement",
      "name": "alert_notification_service_standard",
      "provider": "provider[\"registry.terraform.io/sap/btp\"]",
      "instances": [
        {
          "schema_version": 0,
          "attributes": {
            "amount": 1,
            "category": "ELASTIC_SERVICE",
            "created_date": "2025-11-26T12:28:49Z",
            "id": "alertnotificationservicecf",
            "last_modified": "2025-11-26T12:28:56Z",
            "plan_id": "alertnotificationservicecf",
            "plan_name": "standard",
            "plan_unique_identifier": "alertnotificationservicecf",
            "service_name": "alert-notification",
            "state": "OK",
            "subaccount_id": "800708dd-12a3-42c5-95e7-cdbe9c92c0bb"
          },
          "sensitive_attributes": [],
          "identity_schema_version": 0,
          "identity": {
            "plan_name": "standard",
            "service_name": "alert-notification",
            "subaccount_id": "800708dd-12a3-42c5-95e7-cdbe9c92c0bb"
          },
          "dependencies": [
            "btp_subaccount.project_subaccount",
            "random_uuid.uuid"
          ]
        }
      ]
    },
    {
      "module": "module.srvc_baseline",
      "mode": "managed",
      "type": "btp_subaccount_entitlement",
      "name": "feature_flags_dashboard_app",
      "provider": "provider[\"registry.terraform.io/sap/btp\"]",
      "instances": [
        {
          "schema_version": 0,
          "attributes": {
            "amount": 1,
            "category": "APPLICATION",
            "created_date": "2025-11-26T12:28:49Z",
            "id": "feature-flags-dashboard",
            "last_modified": "2025-11-26T12:28:52Z",
            "plan_id": "feature-flags-dashboard",
            "plan_name": "dashboard",
            "plan_unique_identifier": "feature-flags-dashboard",
            "service_name": "feature-flags-dashboard",
            "state": "OK",
            "subaccount_id": "800708dd-12a3-42c5-95e7-cdbe9c92c0bb"
          },
          "sensitive_attributes": [],
          "identity_schema_version": 0,
          "identity": {
            "plan_name": "dashboard",
            "service_name": "feature-flags-dashboard",
            "subaccount_id": "800708dd-12a3-42c5-95e7-cdbe9c92c0bb"
          },
          "dependencies": [
            "btp_subaccount.project_subaccount",
            "random_uuid.uuid"
          ]
        }
      ]
    },
    {
      "module": "module.srvc_baseline",
      "mode": "managed",
      "type": "btp_subaccount_entitlement",
      "name": "feature_flags_service_lite",
      "provider": "provider[\"registry.terraform.io/sap/btp\"]",
      "instances": [
        {
          "schema_version": 0,
          "attributes": {
            "amount": 1,
            "category": "ELASTIC_SERVICE",
            "created_date": "2025-11-26T12:28:23Z",
            "id": "feature-flags-lite",
            "last_modified": "2025-11-26T12:28:53Z",
            "plan_id": "feature-flags-lite",
            "plan_name": "lite",
            "plan_unique_identifier": "feature-flags-lite",
            "service_name": "feature-flags",
            "state": "OK",
            "subaccount_id": "800708dd-12a3-42c5-95e7-cdbe9c92c0bb"
          },
          "sensitive_attributes": [],
          "identity_schema_version": 0,
          "identity": {
            "plan_name": "lite",
            "service_name": "feature-flags",
            "subaccount_id": "800708dd-12a3-42c5-95e7-cdbe9c92c0bb"
          },
          "dependencies": [
            "btp_subaccount.project_subaccount",
            "random_uuid.uuid"
          ]
        }
      ]
    },
    {
      "module": "module.srvc_baseline",
      "mode": "managed",
      "type": "btp_subaccount_service_instance",
      "name": "alert_notification_service_standard",
      "provider": "provider[\"registry.terraform.io/sap/btp\"]",
      "instances": [
        {
          "schema_version": 0,
          "attributes": {
            "context": "{\"origin\":\"sapcp\",\"region\":\"cf-us10\",\"zone_id\":\"800708dd-12a3-42c5-95e7-cdbe9c92c0bb\",\"env_type\":\"sapcp\",\"platform\":\"sapcp\",\"subdomain\":\"dev-project-abc-5dcdd1c9-1b87-8a33-0e7f-c853a339f217\",\"license_type\":\"TRIAL\",\"instance_name\":\"dev-project-abc-alert-notification\",\"subaccount_id\":\"800708dd-12a3-42c5-95e7-cdbe9c92c0bb\",\"crm_customer_id\":\"\",\"global_account_id\":\"5c40dc57-ef5d-4407-ab06-0d68e3f8edd7\"}",
            "created_date": "2025-11-26T12:29:02Z",
            "dashboard_url": "",
            "id": "23b1ee47-1ad2-4d6a-ad40-1f57ad99cd6f",
            "labels": {},
            "last_modified": "2025-11-26T12:29:08Z",
            "name": "dev-project-abc-alert-notification",
            "parameters": null,
            "platform_id": "service-manager",
            "ready": true,
            "referenced_instance_id": "",
            "serviceplan_id": "1a92101d-2e60-46f8-b41d-63489003dcd3",
            "shared": false,
            "state": "succeeded",
            "subaccount_id": "800708dd-12a3-42c5-95e7-cdbe9c92c0bb",
            "timeouts": null,
            "usable": true
          },
          "sensitive_attributes": [
            [
              {
                "type": "get_attr",
                "value": "parameters"
              }
            ]
          ],
          "identity_schema_version": 0,
          "dependencies": [
            "btp_subaccount.project_subaccount",
            "module.srvc_baseline.btp_subaccount_entitlement.alert_notification_service_standard",
            "module.srvc_baseline.data.btp_subaccount_service_plan.alert_notification_service_standard",
            "random_uuid.uuid"
          ]
        }
      ]
    },
    {
      "module": "module.srvc_baseline",
      "mode": "managed",
      "type": "btp_subaccount_subscription",
      "name": "feature_flags_dashboard_app",
      "provider": "provider[\"registry.terraform.io/sap/btp\"]",
      "instances": [
        {
          "schema_version": 0,
          "attributes": {
            "additional_plan_features": null,
            "app_id": "feature-flags!b1765",
            "app_name": "feature-flags-dashboard",
            "authentication_provider": "XSUAA",
            "category": "Foundation / Cross Services",
            "commercial_app_name": "feature-flags-dashboard",
            "created_date": "2025-11-26T12:29:01Z",
            "customer_developed": false,
            "description": "The Feature Flags service allows you to enable or disable new features at runtime without redeploying or restarting the application. You can use feature flags to control code delivery, synchronized rollout, direct shipment, and fast rollback of features.",
            "display_name": "Feature Flags Service",
            "formation_solution_name": "",
            "globalaccount_id": "36c433d1-e688-6c00-ce29-2a29a7a758e9",
            "id": "3d2205b7-502c-4673-9ea7-23689d4b63c1",
            "labels": null,
            "last_modified": "2025-11-26T12:29:03Z",
            "parameters": "{}",
            "plan_name": "dashboard",
            "platform_entity_id": "",
            "quota": 1,
            "state": "SUBSCRIBED",
            "subaccount_id": "800708dd-12a3-42c5-95e7-cdbe9c92c0bb",
            "subscribed_subaccount_id": "800708dd-12a3-42c5-95e7-cdbe9c92c0bb",
            "subscribed_tenant_id": "800708dd-12a3-42c5-95e7-cdbe9c92c0bb",
            "subscription_url": "https://apm-us.feature-flags-dashboard.cfapps.us10.hana.ondemand.com",
            "supports_parameters_updates": false,
            "supports_plan_updates": false,
            "tenant_id": "faefaf02-0b2f-48e0-87e7-2d89c121dc25",
            "timeouts": null
          },
          "sensitive_attributes": [],
          "identity_schema_version": 0,
          "identity": {
            "app_name": "feature-flags-dashboard",
            "plan_name": "dashboard",
            "subaccount_id": "800708dd-12a3-42c5-95e7-cdbe9c92c0bb"
          },
          "dependencies": [
            "btp_subaccount.project_subaccount",
            "module.srvc_baseline.btp_subaccount_entitlement.feature_flags_dashboard_app",
            "random_uuid.uuid"
          ]
        }
      ]
    }
  ],
  "check_results": [
    {
      "object_kind": "var",
      "config_addr": "module.srvc_baseline.var.project_stage",
      "status": "pass",
      "objects": [
        {
          "object_addr": "module.srvc_baseline.var.project_stage",
          "status": "pass"
        }
      ]
    },
    {
      "object_kind": "var",
      "config_addr": "var.subaccount_region",
      "status": "pass",
      "objects": [
        {
          "object_addr": "var.subaccount_region",
          "status": "pass"
        }
      ]
    },
    {
      "object_kind": "var",
      "config_addr": "var.subaccount_stage",
      "status": "pass",
      "objects": [
        {
          "object_addr": "var.subaccount_stage",
          "status": "pass"
        }
      ]
    },
    {
      "object_kind": "var",
      "config_addr": "var.project_costcenter",
      "status": "pass",
      "objects": [
        {
          "object_addr": "var.project_costcenter",
          "status": "pass"
        }
      ]
    }
  ]
}
